{
  "name": "checkcommit",
  "version": "1.0.0",
  "lockfileVersion": 2,
  "requires": true,
  "packages": {
    "": {
      "name": "checkcommit",
      "version": "1.0.0",
      "license": "ISC",
      "devDependencies": {
        "typescript": "^4.8.3"
      }
    },
    "node_modules/.pnpm/typescript@4.8.3": {
      "dev": true
    },
    "node_modules/.pnpm/typescript@4.8.3/node_modules/typescript": {
      "version": "4.8.3",
      "dev": true,
      "license": "Apache-2.0",
      "bin": {
        "tsc": "bin/tsc",
        "tsserver": "bin/tsserver"
      },
      "engines": {
        "node": ">=4.2.0"
      }
    },
    "node_modules/typescript": {
      "resolved": "node_modules/.pnpm/typescript@4.8.3/node_modules/typescript",
      "link": true
    }
  },
  "dependencies": {
    "typescript": {
      "version": "file:node_modules/.pnpm/typescript@4.8.3/node_modules/typescript"
    }
  }
}
